{
    "version": 3,
    "terraform_version": "0.11.5",
    "serial": 2,
    "lineage": "9883cd57-d02a-59a6-1c56-18bc5a0c23af",
    "modules": [
        {
            "path": [
                "root"
            ],
            "outputs": {},
            "resources": {
                "azurerm_dns_zone.dnszone": {
                    "type": "azurerm_dns_zone",
                    "depends_on": [
                        "azurerm_resource_group.AzureRG"
                    ],
                    "primary": {
                        "id": "/subscriptions/cec8dc40-d554-4128-a31a-6f1d39890ab5/resourceGroups/jsa-ansible-tower/providers/Microsoft.Network/dnszones/jadams.xyz",
                        "attributes": {
                            "id": "/subscriptions/cec8dc40-d554-4128-a31a-6f1d39890ab5/resourceGroups/jsa-ansible-tower/providers/Microsoft.Network/dnszones/jadams.xyz",
                            "name": "jadams.xyz",
                            "name_servers.#": "4",
                            "name_servers.1903292856": "ns1-04.azure-dns.com.",
                            "name_servers.2701299800": "ns3-04.azure-dns.org.",
                            "name_servers.3067773698": "ns2-04.azure-dns.net.",
                            "name_servers.4155414131": "ns4-04.azure-dns.info.",
                            "resource_group_name": "jsa-ansible-tower",
                            "tags.%": "0"
                        },
                        "meta": {},
                        "tainted": false
                    },
                    "deposed": [],
                    "provider": "provider.azurerm"
                },
                "azurerm_network_interface.nodenic": {
                    "type": "azurerm_network_interface",
                    "depends_on": [
                        "azurerm_network_security_group.ansible-tower-sg",
                        "azurerm_public_ip.nodepublicip",
                        "azurerm_public_ip.nodepublicip.*",
                        "azurerm_resource_group.AzureRG",
                        "azurerm_subnet.public",
                        "azurerm_virtual_network.main"
                    ],
                    "primary": {
                        "id": "/subscriptions/cec8dc40-d554-4128-a31a-6f1d39890ab5/resourceGroups/jsa-ansible-tower/providers/Microsoft.Network/networkInterfaces/nodenic0",
                        "attributes": {
                            "applied_dns_servers.#": "0",
                            "dns_servers.#": "0",
                            "enable_accelerated_networking": "false",
                            "enable_ip_forwarding": "false",
                            "id": "/subscriptions/cec8dc40-d554-4128-a31a-6f1d39890ab5/resourceGroups/jsa-ansible-tower/providers/Microsoft.Network/networkInterfaces/nodenic0",
                            "internal_dns_name_label": "",
                            "internal_fqdn": "",
                            "ip_configuration.#": "1",
                            "ip_configuration.0.application_gateway_backend_address_pools_ids.#": "0",
                            "ip_configuration.0.application_security_group_ids.#": "0",
                            "ip_configuration.0.load_balancer_backend_address_pools_ids.#": "0",
                            "ip_configuration.0.load_balancer_inbound_nat_rules_ids.#": "0",
                            "ip_configuration.0.name": "ipconfig1",
                            "ip_configuration.0.primary": "true",
                            "ip_configuration.0.private_ip_address": "",
                            "ip_configuration.0.private_ip_address_allocation": "dynamic",
                            "ip_configuration.0.public_ip_address_id": "/subscriptions/cec8dc40-d554-4128-a31a-6f1d39890ab5/resourceGroups/jsa-ansible-tower/providers/Microsoft.Network/publicIPAddresses/nodepublicip0",
                            "ip_configuration.0.subnet_id": "/subscriptions/cec8dc40-d554-4128-a31a-6f1d39890ab5/resourceGroups/jsa-ansible-tower/providers/Microsoft.Network/virtualNetworks/AnsibleVnet/subnets/AnsibleSubnet",
                            "location": "eastus",
                            "mac_address": "",
                            "name": "nodenic0",
                            "network_security_group_id": "/subscriptions/cec8dc40-d554-4128-a31a-6f1d39890ab5/resourceGroups/jsa-ansible-tower/providers/Microsoft.Network/networkSecurityGroups/jsa-ansible-tower-sg",
                            "private_ip_address": "10.0.2.4",
                            "private_ip_addresses.#": "1",
                            "private_ip_addresses.0": "10.0.2.4",
                            "resource_group_name": "jsa-ansible-tower",
                            "tags.%": "1",
                            "tags.environment": "Ansible Workshop"
                        },
                        "meta": {},
                        "tainted": false
                    },
                    "deposed": [],
                    "provider": "provider.azurerm"
                },
                "azurerm_network_interface.towernic": {
                    "type": "azurerm_network_interface",
                    "depends_on": [
                        "azurerm_network_security_group.ansible-tower-sg",
                        "azurerm_public_ip.towerpublicip",
                        "azurerm_public_ip.towerpublicip.*",
                        "azurerm_resource_group.AzureRG",
                        "azurerm_subnet.public",
                        "azurerm_virtual_network.main"
                    ],
                    "primary": {
                        "id": "/subscriptions/cec8dc40-d554-4128-a31a-6f1d39890ab5/resourceGroups/jsa-ansible-tower/providers/Microsoft.Network/networkInterfaces/towernic0",
                        "attributes": {
                            "applied_dns_servers.#": "0",
                            "dns_servers.#": "0",
                            "enable_accelerated_networking": "false",
                            "enable_ip_forwarding": "false",
                            "id": "/subscriptions/cec8dc40-d554-4128-a31a-6f1d39890ab5/resourceGroups/jsa-ansible-tower/providers/Microsoft.Network/networkInterfaces/towernic0",
                            "internal_dns_name_label": "",
                            "internal_fqdn": "",
                            "ip_configuration.#": "1",
                            "ip_configuration.0.application_gateway_backend_address_pools_ids.#": "0",
                            "ip_configuration.0.application_security_group_ids.#": "0",
                            "ip_configuration.0.load_balancer_backend_address_pools_ids.#": "0",
                            "ip_configuration.0.load_balancer_inbound_nat_rules_ids.#": "0",
                            "ip_configuration.0.name": "ipconfig1",
                            "ip_configuration.0.primary": "true",
                            "ip_configuration.0.private_ip_address": "",
                            "ip_configuration.0.private_ip_address_allocation": "dynamic",
                            "ip_configuration.0.public_ip_address_id": "/subscriptions/cec8dc40-d554-4128-a31a-6f1d39890ab5/resourceGroups/jsa-ansible-tower/providers/Microsoft.Network/publicIPAddresses/towerpublicip0",
                            "ip_configuration.0.subnet_id": "/subscriptions/cec8dc40-d554-4128-a31a-6f1d39890ab5/resourceGroups/jsa-ansible-tower/providers/Microsoft.Network/virtualNetworks/AnsibleVnet/subnets/AnsibleSubnet",
                            "location": "eastus",
                            "mac_address": "",
                            "name": "towernic0",
                            "network_security_group_id": "/subscriptions/cec8dc40-d554-4128-a31a-6f1d39890ab5/resourceGroups/jsa-ansible-tower/providers/Microsoft.Network/networkSecurityGroups/jsa-ansible-tower-sg",
                            "private_ip_address": "10.0.2.5",
                            "private_ip_addresses.#": "1",
                            "private_ip_addresses.0": "10.0.2.5",
                            "resource_group_name": "jsa-ansible-tower",
                            "tags.%": "1",
                            "tags.environment": "Ansible Workshop"
                        },
                        "meta": {},
                        "tainted": false
                    },
                    "deposed": [],
                    "provider": "provider.azurerm"
                },
                "azurerm_network_security_group.ansible-tower-sg": {
                    "type": "azurerm_network_security_group",
                    "depends_on": [
                        "azurerm_resource_group.AzureRG"
                    ],
                    "primary": {
                        "id": "/subscriptions/cec8dc40-d554-4128-a31a-6f1d39890ab5/resourceGroups/jsa-ansible-tower/providers/Microsoft.Network/networkSecurityGroups/jsa-ansible-tower-sg",
                        "attributes": {
                            "id": "/subscriptions/cec8dc40-d554-4128-a31a-6f1d39890ab5/resourceGroups/jsa-ansible-tower/providers/Microsoft.Network/networkSecurityGroups/jsa-ansible-tower-sg",
                            "location": "eastus",
                            "name": "jsa-ansible-tower-sg",
                            "resource_group_name": "jsa-ansible-tower",
                            "security_rule.#": "7",
                            "security_rule.113080405.access": "Allow",
                            "security_rule.113080405.description": "",
                            "security_rule.113080405.destination_address_prefix": "*",
                            "security_rule.113080405.destination_address_prefixes.#": "0",
                            "security_rule.113080405.destination_application_security_group_ids.#": "0",
                            "security_rule.113080405.destination_port_range": "8888",
                            "security_rule.113080405.destination_port_ranges.#": "0",
                            "security_rule.113080405.direction": "Inbound",
                            "security_rule.113080405.name": "Port8888",
                            "security_rule.113080405.priority": "700",
                            "security_rule.113080405.protocol": "Tcp",
                            "security_rule.113080405.source_address_prefix": "*",
                            "security_rule.113080405.source_address_prefixes.#": "0",
                            "security_rule.113080405.source_application_security_group_ids.#": "0",
                            "security_rule.113080405.source_port_range": "*",
                            "security_rule.113080405.source_port_ranges.#": "0",
                            "security_rule.1206913014.access": "Allow",
                            "security_rule.1206913014.description": "",
                            "security_rule.1206913014.destination_address_prefix": "*",
                            "security_rule.1206913014.destination_address_prefixes.#": "0",
                            "security_rule.1206913014.destination_application_security_group_ids.#": "0",
                            "security_rule.1206913014.destination_port_range": "80",
                            "security_rule.1206913014.destination_port_ranges.#": "0",
                            "security_rule.1206913014.direction": "Inbound",
                            "security_rule.1206913014.name": "HTTP",
                            "security_rule.1206913014.priority": "200",
                            "security_rule.1206913014.protocol": "Tcp",
                            "security_rule.1206913014.source_address_prefix": "*",
                            "security_rule.1206913014.source_address_prefixes.#": "0",
                            "security_rule.1206913014.source_application_security_group_ids.#": "0",
                            "security_rule.1206913014.source_port_range": "*",
                            "security_rule.1206913014.source_port_ranges.#": "0",
                            "security_rule.1391521440.access": "Allow",
                            "security_rule.1391521440.description": "",
                            "security_rule.1391521440.destination_address_prefix": "*",
                            "security_rule.1391521440.destination_address_prefixes.#": "0",
                            "security_rule.1391521440.destination_application_security_group_ids.#": "0",
                            "security_rule.1391521440.destination_port_range": "0",
                            "security_rule.1391521440.destination_port_ranges.#": "0",
                            "security_rule.1391521440.direction": "Outbound",
                            "security_rule.1391521440.name": "Egress",
                            "security_rule.1391521440.priority": "400",
                            "security_rule.1391521440.protocol": "Tcp",
                            "security_rule.1391521440.source_address_prefix": "*",
                            "security_rule.1391521440.source_address_prefixes.#": "0",
                            "security_rule.1391521440.source_application_security_group_ids.#": "0",
                            "security_rule.1391521440.source_port_range": "*",
                            "security_rule.1391521440.source_port_ranges.#": "0",
                            "security_rule.1729925642.access": "Allow",
                            "security_rule.1729925642.description": "",
                            "security_rule.1729925642.destination_address_prefix": "*",
                            "security_rule.1729925642.destination_address_prefixes.#": "0",
                            "security_rule.1729925642.destination_application_security_group_ids.#": "0",
                            "security_rule.1729925642.destination_port_range": "22",
                            "security_rule.1729925642.destination_port_ranges.#": "0",
                            "security_rule.1729925642.direction": "Inbound",
                            "security_rule.1729925642.name": "SSH",
                            "security_rule.1729925642.priority": "100",
                            "security_rule.1729925642.protocol": "Tcp",
                            "security_rule.1729925642.source_address_prefix": "*",
                            "security_rule.1729925642.source_address_prefixes.#": "0",
                            "security_rule.1729925642.source_application_security_group_ids.#": "0",
                            "security_rule.1729925642.source_port_range": "*",
                            "security_rule.1729925642.source_port_ranges.#": "0",
                            "security_rule.3051579136.access": "Allow",
                            "security_rule.3051579136.description": "",
                            "security_rule.3051579136.destination_address_prefix": "*",
                            "security_rule.3051579136.destination_address_prefixes.#": "0",
                            "security_rule.3051579136.destination_application_security_group_ids.#": "0",
                            "security_rule.3051579136.destination_port_range": "8443",
                            "security_rule.3051579136.destination_port_ranges.#": "0",
                            "security_rule.3051579136.direction": "Inbound",
                            "security_rule.3051579136.name": "Port8443",
                            "security_rule.3051579136.priority": "600",
                            "security_rule.3051579136.protocol": "Tcp",
                            "security_rule.3051579136.source_address_prefix": "*",
                            "security_rule.3051579136.source_address_prefixes.#": "0",
                            "security_rule.3051579136.source_application_security_group_ids.#": "0",
                            "security_rule.3051579136.source_port_range": "*",
                            "security_rule.3051579136.source_port_ranges.#": "0",
                            "security_rule.3087793604.access": "Allow",
                            "security_rule.3087793604.description": "",
                            "security_rule.3087793604.destination_address_prefix": "*",
                            "security_rule.3087793604.destination_address_prefixes.#": "0",
                            "security_rule.3087793604.destination_application_security_group_ids.#": "0",
                            "security_rule.3087793604.destination_port_range": "5000",
                            "security_rule.3087793604.destination_port_ranges.#": "0",
                            "security_rule.3087793604.direction": "Inbound",
                            "security_rule.3087793604.name": "Port5000",
                            "security_rule.3087793604.priority": "300",
                            "security_rule.3087793604.protocol": "Tcp",
                            "security_rule.3087793604.source_address_prefix": "*",
                            "security_rule.3087793604.source_address_prefixes.#": "0",
                            "security_rule.3087793604.source_application_security_group_ids.#": "0",
                            "security_rule.3087793604.source_port_range": "*",
                            "security_rule.3087793604.source_port_ranges.#": "0",
                            "security_rule.33810715.access": "Allow",
                            "security_rule.33810715.description": "",
                            "security_rule.33810715.destination_address_prefix": "*",
                            "security_rule.33810715.destination_address_prefixes.#": "0",
                            "security_rule.33810715.destination_application_security_group_ids.#": "0",
                            "security_rule.33810715.destination_port_range": "443",
                            "security_rule.33810715.destination_port_ranges.#": "0",
                            "security_rule.33810715.direction": "Inbound",
                            "security_rule.33810715.name": "HTTPS",
                            "security_rule.33810715.priority": "500",
                            "security_rule.33810715.protocol": "Tcp",
                            "security_rule.33810715.source_address_prefix": "*",
                            "security_rule.33810715.source_address_prefixes.#": "0",
                            "security_rule.33810715.source_application_security_group_ids.#": "0",
                            "security_rule.33810715.source_port_range": "*",
                            "security_rule.33810715.source_port_ranges.#": "0",
                            "tags.%": "0"
                        },
                        "meta": {},
                        "tainted": false
                    },
                    "deposed": [],
                    "provider": "provider.azurerm"
                },
                "azurerm_public_ip.nodepublicip": {
                    "type": "azurerm_public_ip",
                    "depends_on": [
                        "azurerm_resource_group.AzureRG"
                    ],
                    "primary": {
                        "id": "/subscriptions/cec8dc40-d554-4128-a31a-6f1d39890ab5/resourceGroups/jsa-ansible-tower/providers/Microsoft.Network/publicIPAddresses/nodepublicip0",
                        "attributes": {
                            "domain_name_label": "jsa-node0",
                            "fqdn": "jsa-node0.eastus.cloudapp.azure.com",
                            "id": "/subscriptions/cec8dc40-d554-4128-a31a-6f1d39890ab5/resourceGroups/jsa-ansible-tower/providers/Microsoft.Network/publicIPAddresses/nodepublicip0",
                            "location": "eastus",
                            "name": "nodepublicip0",
                            "public_ip_address_allocation": "dynamic",
                            "resource_group_name": "jsa-ansible-tower",
                            "sku": "Basic",
                            "tags.%": "0",
                            "zones.#": "0"
                        },
                        "meta": {},
                        "tainted": false
                    },
                    "deposed": [],
                    "provider": "provider.azurerm"
                },
                "azurerm_public_ip.towerpublicip": {
                    "type": "azurerm_public_ip",
                    "depends_on": [
                        "azurerm_resource_group.AzureRG"
                    ],
                    "primary": {
                        "id": "/subscriptions/cec8dc40-d554-4128-a31a-6f1d39890ab5/resourceGroups/jsa-ansible-tower/providers/Microsoft.Network/publicIPAddresses/towerpublicip0",
                        "attributes": {
                            "domain_name_label": "jsa-tower0",
                            "fqdn": "jsa-tower0.eastus.cloudapp.azure.com",
                            "id": "/subscriptions/cec8dc40-d554-4128-a31a-6f1d39890ab5/resourceGroups/jsa-ansible-tower/providers/Microsoft.Network/publicIPAddresses/towerpublicip0",
                            "location": "eastus",
                            "name": "towerpublicip0",
                            "public_ip_address_allocation": "dynamic",
                            "resource_group_name": "jsa-ansible-tower",
                            "sku": "Basic",
                            "tags.%": "0",
                            "zones.#": "0"
                        },
                        "meta": {},
                        "tainted": false
                    },
                    "deposed": [],
                    "provider": "provider.azurerm"
                },
                "azurerm_resource_group.AzureRG": {
                    "type": "azurerm_resource_group",
                    "depends_on": [],
                    "primary": {
                        "id": "/subscriptions/cec8dc40-d554-4128-a31a-6f1d39890ab5/resourceGroups/jsa-ansible-tower",
                        "attributes": {
                            "id": "/subscriptions/cec8dc40-d554-4128-a31a-6f1d39890ab5/resourceGroups/jsa-ansible-tower",
                            "location": "eastus",
                            "name": "jsa-ansible-tower",
                            "tags.%": "1",
                            "tags.environment": "Ansible Workshop"
                        },
                        "meta": {},
                        "tainted": false
                    },
                    "deposed": [],
                    "provider": "provider.azurerm"
                },
                "azurerm_subnet.public": {
                    "type": "azurerm_subnet",
                    "depends_on": [
                        "azurerm_resource_group.AzureRG",
                        "azurerm_virtual_network.main"
                    ],
                    "primary": {
                        "id": "/subscriptions/cec8dc40-d554-4128-a31a-6f1d39890ab5/resourceGroups/jsa-ansible-tower/providers/Microsoft.Network/virtualNetworks/AnsibleVnet/subnets/AnsibleSubnet",
                        "attributes": {
                            "address_prefix": "10.0.2.0/24",
                            "id": "/subscriptions/cec8dc40-d554-4128-a31a-6f1d39890ab5/resourceGroups/jsa-ansible-tower/providers/Microsoft.Network/virtualNetworks/AnsibleVnet/subnets/AnsibleSubnet",
                            "ip_configurations.#": "0",
                            "name": "AnsibleSubnet",
                            "resource_group_name": "jsa-ansible-tower",
                            "service_endpoints.#": "0",
                            "virtual_network_name": "AnsibleVnet"
                        },
                        "meta": {},
                        "tainted": false
                    },
                    "deposed": [],
                    "provider": "provider.azurerm"
                },
                "azurerm_virtual_machine.node": {
                    "type": "azurerm_virtual_machine",
                    "depends_on": [
                        "azurerm_network_interface.nodenic.*",
                        "azurerm_resource_group.AzureRG"
                    ],
                    "primary": {
                        "id": "/subscriptions/cec8dc40-d554-4128-a31a-6f1d39890ab5/resourceGroups/jsa-ansible-tower/providers/Microsoft.Compute/virtualMachines/jsa-node-0",
                        "attributes": {
                            "delete_data_disks_on_termination": "false",
                            "delete_os_disk_on_termination": "false",
                            "id": "/subscriptions/cec8dc40-d554-4128-a31a-6f1d39890ab5/resourceGroups/jsa-ansible-tower/providers/Microsoft.Compute/virtualMachines/jsa-node-0",
                            "identity.#": "0",
                            "location": "eastus",
                            "name": "jsa-node-0",
                            "network_interface_ids.#": "1",
                            "network_interface_ids.0": "/subscriptions/cec8dc40-d554-4128-a31a-6f1d39890ab5/resourceGroups/jsa-ansible-tower/providers/Microsoft.Network/networkInterfaces/nodenic0",
                            "os_profile.#": "1",
                            "os_profile.1264639979.admin_password": "",
                            "os_profile.1264639979.admin_username": "azure-user",
                            "os_profile.1264639979.computer_name": "jsa-node-0",
                            "os_profile.1264639979.custom_data": "",
                            "os_profile_linux_config.#": "1",
                            "os_profile_linux_config.69840937.disable_password_authentication": "true",
                            "os_profile_linux_config.69840937.ssh_keys.#": "1",
                            "os_profile_linux_config.69840937.ssh_keys.0.key_data": "ssh-rsa AAAAB3NzaC1yc2EAAAADAQABAAACAQCaUmHgiv1VWdWbbwpUnM6KLZ0pD8blL6JfEaSyzCWzAUg9wlMThzGM3LBDdG6Lhh4L80ZGZrHZLWmwXW6GSgL3wuLupLWKpTHEmPiiMUSBBR0S5NkFlItMfgVnAbldDXWHRqRQLHpxn5D12Z/p3BDjfgdqHKy2/YL0PoQluAhdqIbl4bBdxkbGB2n84gUJOLUY7cr06M0qFl1gRng79mmasGv3Dh+N6tW+fwRhCn94tYn7nT5RvmhBG88XoTZWn8+VG0wzhoep7DdfmGGwtY/mPcNro6ydeZX/5VJTu9bTFveG+bipyTwS+ssGI9OsInq9hLfaTVf5GBqCvxBRBzUEdb6HFdd0aGSA5ZYMIRUh97P5+db2F8OtCmPEBaGn4GH+8q2lIhbBddm/nORQBA/Uyp+oz+rwXPy9T7Xo9vy5tWNGwyeCqKLCdYKhieOEXNxiLmMRAOLK/Gc16LiUjEYAwUbEKxz8+9BSiWzBCXsxIncOEqJ3YFfPkm+IJ2GhPEOuJTbIwB+r6TvFFbW4YtMhrJxvDPZowFphZ4Ie2rVS1OH4f6LRtE6yPKnYGrrGtBaRXM66c1QcX6wJglQ+SdDoXOJFDrDYamhFoXE6lhvmFgO3ExcnT+VPgevjFEqyesgladBmgwdYuUgy3Z+eM9dD9nSCQ7x5bffWSvt1xpiFGw== jadams@Joel_Fedora\n",
                            "os_profile_linux_config.69840937.ssh_keys.0.path": "/home/azure-user/.ssh/authorized_keys",
                            "os_profile_secrets.#": "0",
                            "resource_group_name": "jsa-ansible-tower",
                            "storage_data_disk.#": "0",
                            "storage_image_reference.#": "1",
                            "storage_image_reference.2250550379.id": "",
                            "storage_image_reference.2250550379.offer": "RHEL",
                            "storage_image_reference.2250550379.publisher": "RedHat",
                            "storage_image_reference.2250550379.sku": "7.3",
                            "storage_image_reference.2250550379.version": "latest",
                            "storage_os_disk.#": "1",
                            "storage_os_disk.0.caching": "ReadWrite",
                            "storage_os_disk.0.create_option": "FromImage",
                            "storage_os_disk.0.disk_size_gb": "32",
                            "storage_os_disk.0.image_uri": "",
                            "storage_os_disk.0.managed_disk_id": "/subscriptions/cec8dc40-d554-4128-a31a-6f1d39890ab5/resourceGroups/jsa-ansible-tower/providers/Microsoft.Compute/disks/studentosnodedisk-0",
                            "storage_os_disk.0.managed_disk_type": "Standard_LRS",
                            "storage_os_disk.0.name": "studentosnodedisk-0",
                            "storage_os_disk.0.os_type": "Linux",
                            "storage_os_disk.0.vhd_uri": "",
                            "tags.%": "0",
                            "vm_size": "Standard_B1MS",
                            "zones.#": "0"
                        },
                        "meta": {},
                        "tainted": false
                    },
                    "deposed": [],
                    "provider": "provider.azurerm"
                },
                "azurerm_virtual_machine.tower-node": {
                    "type": "azurerm_virtual_machine",
                    "depends_on": [
                        "azurerm_network_interface.towernic.*",
                        "azurerm_resource_group.AzureRG"
                    ],
                    "primary": {
                        "id": "/subscriptions/cec8dc40-d554-4128-a31a-6f1d39890ab5/resourceGroups/jsa-ansible-tower/providers/Microsoft.Compute/virtualMachines/jsa-tower-0",
                        "attributes": {
                            "delete_data_disks_on_termination": "false",
                            "delete_os_disk_on_termination": "false",
                            "id": "/subscriptions/cec8dc40-d554-4128-a31a-6f1d39890ab5/resourceGroups/jsa-ansible-tower/providers/Microsoft.Compute/virtualMachines/jsa-tower-0",
                            "identity.#": "0",
                            "location": "eastus",
                            "name": "jsa-tower-0",
                            "network_interface_ids.#": "1",
                            "network_interface_ids.0": "/subscriptions/cec8dc40-d554-4128-a31a-6f1d39890ab5/resourceGroups/jsa-ansible-tower/providers/Microsoft.Network/networkInterfaces/towernic0",
                            "os_profile.#": "1",
                            "os_profile.2961962698.admin_password": "",
                            "os_profile.2961962698.admin_username": "azure-user",
                            "os_profile.2961962698.computer_name": "jsa-tower-0",
                            "os_profile.2961962698.custom_data": "",
                            "os_profile_linux_config.#": "1",
                            "os_profile_linux_config.69840937.disable_password_authentication": "true",
                            "os_profile_linux_config.69840937.ssh_keys.#": "1",
                            "os_profile_linux_config.69840937.ssh_keys.0.key_data": "ssh-rsa AAAAB3NzaC1yc2EAAAADAQABAAACAQCaUmHgiv1VWdWbbwpUnM6KLZ0pD8blL6JfEaSyzCWzAUg9wlMThzGM3LBDdG6Lhh4L80ZGZrHZLWmwXW6GSgL3wuLupLWKpTHEmPiiMUSBBR0S5NkFlItMfgVnAbldDXWHRqRQLHpxn5D12Z/p3BDjfgdqHKy2/YL0PoQluAhdqIbl4bBdxkbGB2n84gUJOLUY7cr06M0qFl1gRng79mmasGv3Dh+N6tW+fwRhCn94tYn7nT5RvmhBG88XoTZWn8+VG0wzhoep7DdfmGGwtY/mPcNro6ydeZX/5VJTu9bTFveG+bipyTwS+ssGI9OsInq9hLfaTVf5GBqCvxBRBzUEdb6HFdd0aGSA5ZYMIRUh97P5+db2F8OtCmPEBaGn4GH+8q2lIhbBddm/nORQBA/Uyp+oz+rwXPy9T7Xo9vy5tWNGwyeCqKLCdYKhieOEXNxiLmMRAOLK/Gc16LiUjEYAwUbEKxz8+9BSiWzBCXsxIncOEqJ3YFfPkm+IJ2GhPEOuJTbIwB+r6TvFFbW4YtMhrJxvDPZowFphZ4Ie2rVS1OH4f6LRtE6yPKnYGrrGtBaRXM66c1QcX6wJglQ+SdDoXOJFDrDYamhFoXE6lhvmFgO3ExcnT+VPgevjFEqyesgladBmgwdYuUgy3Z+eM9dD9nSCQ7x5bffWSvt1xpiFGw== jadams@Joel_Fedora\n",
                            "os_profile_linux_config.69840937.ssh_keys.0.path": "/home/azure-user/.ssh/authorized_keys",
                            "os_profile_secrets.#": "0",
                            "resource_group_name": "jsa-ansible-tower",
                            "storage_data_disk.#": "0",
                            "storage_image_reference.#": "1",
                            "storage_image_reference.2250550379.id": "",
                            "storage_image_reference.2250550379.offer": "RHEL",
                            "storage_image_reference.2250550379.publisher": "RedHat",
                            "storage_image_reference.2250550379.sku": "7.3",
                            "storage_image_reference.2250550379.version": "latest",
                            "storage_os_disk.#": "1",
                            "storage_os_disk.0.caching": "ReadWrite",
                            "storage_os_disk.0.create_option": "FromImage",
                            "storage_os_disk.0.disk_size_gb": "32",
                            "storage_os_disk.0.image_uri": "",
                            "storage_os_disk.0.managed_disk_id": "/subscriptions/cec8dc40-d554-4128-a31a-6f1d39890ab5/resourceGroups/jsa-ansible-tower/providers/Microsoft.Compute/disks/studentostowerdisk-0",
                            "storage_os_disk.0.managed_disk_type": "Standard_LRS",
                            "storage_os_disk.0.name": "studentostowerdisk-0",
                            "storage_os_disk.0.os_type": "Linux",
                            "storage_os_disk.0.vhd_uri": "",
                            "tags.%": "0",
                            "vm_size": "Standard_DS1_V2",
                            "zones.#": "0"
                        },
                        "meta": {},
                        "tainted": false
                    },
                    "deposed": [],
                    "provider": "provider.azurerm"
                },
                "azurerm_virtual_network.main": {
                    "type": "azurerm_virtual_network",
                    "depends_on": [
                        "azurerm_resource_group.AzureRG"
                    ],
                    "primary": {
                        "id": "/subscriptions/cec8dc40-d554-4128-a31a-6f1d39890ab5/resourceGroups/jsa-ansible-tower/providers/Microsoft.Network/virtualNetworks/AnsibleVnet",
                        "attributes": {
                            "address_space.#": "1",
                            "address_space.0": "10.0.0.0/16",
                            "dns_servers.#": "0",
                            "id": "/subscriptions/cec8dc40-d554-4128-a31a-6f1d39890ab5/resourceGroups/jsa-ansible-tower/providers/Microsoft.Network/virtualNetworks/AnsibleVnet",
                            "location": "eastus",
                            "name": "AnsibleVnet",
                            "resource_group_name": "jsa-ansible-tower",
                            "subnet.#": "0",
                            "tags.%": "1",
                            "tags.Name": "jsa-ansible-tower-main"
                        },
                        "meta": {},
                        "tainted": false
                    },
                    "deposed": [],
                    "provider": "provider.azurerm"
                }
            },
            "depends_on": []
        }
    ]
}
